
Microsoft Visual Studio Solution File, Format Version 12.00
# Visual Studio Version 16
VisualStudioVersion = 16.0.30907.101
MinimumVisualStudioVersion = 10.0.40219.1
Project("{FAE04EC0-301F-11D3-BF4B-00C04F79EFBC}") = "OfisYonetimSistemi", "OfisYonetimSistemi\OfisYonetimSistemi.csproj", "{6E956D78-48A7-4755-8462-7684595D018E}"
EndProject
Global
	GlobalSection(SolutionConfigurationPlatforms) = preSolution
		Debug|Any CPU = Debug|Any CPU
		Release|Any CPU = Release|Any CPU
	EndGlobalSection
	GlobalSection(ProjectConfigurationPlatforms) = postSolution
		{6E956D78-48A7-4755-8462-7684595D018E}.Debug|Any CPU.ActiveCfg = Debug|Any CPU
		{6E956D78-48A7-4755-8462-7684595D018E}.Debug|Any CPU.Build.0 = Debug|Any CPU
		{6E956D78-48A7-4755-8462-7684595D018E}.Release|Any CPU.ActiveCfg = Release|Any CPU
		{6E956D78-48A7-4755-8462-7684595D018E}.Release|Any CPU.Build.0 = Release|Any CPU
	EndGlobalSection
	GlobalSection(SolutionProperties) = preSolution
		HideSolutionNode = FALSE
	EndGlobalSection
	GlobalSection(ExtensibilityGlobals) = postSolution
		SolutionGuid = {5C1ABDE4-F005-4F9E-8484-ECFF46588EFF}
	EndGlobalSection
EndGlobal
